
Microsoft Visual Studio Solution File, Format Version 11.00
# Visual Studio 2010
Project("{FAE04EC0-301F-11D3-BF4B-00C04F79EFBC}") = "ExerPrat-Filmes", "ExerPrat-Filmes\ExerPrat-Filmes.csproj", "{06434A11-34C9-459F-AD9A-5EFD67218ADB}"
EndProject
Global
	GlobalSection(SolutionConfigurationPlatforms) = preSolution
		Debug|x86 = Debug|x86
		Release|x86 = Release|x86
	EndGlobalSection
	GlobalSection(ProjectConfigurationPlatforms) = postSolution
		{06434A11-34C9-459F-AD9A-5EFD67218ADB}.Debug|x86.ActiveCfg = Debug|x86
		{06434A11-34C9-459F-AD9A-5EFD67218ADB}.Debug|x86.Build.0 = Debug|x86
		{06434A11-34C9-459F-AD9A-5EFD67218ADB}.Release|x86.ActiveCfg = Release|x86
		{06434A11-34C9-459F-AD9A-5EFD67218ADB}.Release|x86.Build.0 = Release|x86
	EndGlobalSection
	GlobalSection(SolutionProperties) = preSolution
		HideSolutionNode = FALSE
	EndGlobalSection
EndGlobal
